// !$*UTF8*$!
{
	archiveVersion = 1;
	classes = {
	};
	objectVersion = 46;
	objects = {

/* Begin PBXBuildFile section */
		741942BF77A9FCA042F50FA9 /* AmountPadView.swift in Sources */ = {isa = PBXBuildFile; fileRef = 74194987C5C4AD2CBF53391B /* AmountPadView.swift */; };
		74194445E6F9595CFA14DBE5 /* FormUtil.swift in Sources */ = {isa = PBXBuildFile; fileRef = 74194BCFED76D2AE97A02A67 /* FormUtil.swift */; };
		7419454C62391038DA5BEE70 /* AmountPadViewController.swift in Sources */ = {isa = PBXBuildFile; fileRef = 74194E1BAC95BDFE33310BAD /* AmountPadViewController.swift */; };
		741945E7EA10F0A5F3097818 /* ActivityTableViewCell.swift in Sources */ = {isa = PBXBuildFile; fileRef = 741945CD28BCC95A3445D196 /* ActivityTableViewCell.swift */; };
		74194BBD9B9C928B79CB7113 /* EditActivityFormViewController.swift in Sources */ = {isa = PBXBuildFile; fileRef = 741949C82D53D28E424C28AE /* EditActivityFormViewController.swift */; };
		74194BD9D1AF0DD8AE408ED2 /* BalanceInfoView.swift in Sources */ = {isa = PBXBuildFile; fileRef = 74194D0C98ED02DE2F1F37CC /* BalanceInfoView.swift */; };
		74194BE4E5DFA5CC7982EFC5 /* HomeViewController.swift in Sources */ = {isa = PBXBuildFile; fileRef = 741946F21E2835E93CE95383 /* HomeViewController.swift */; };
		74194CC9C2FCB1B41895D270 /* BalanceInfoViewController.swift in Sources */ = {isa = PBXBuildFile; fileRef = 7419462E2C2AE4290F2D580D /* BalanceInfoViewController.swift */; };
		F207F27D1BEFB9C100143FD6 /* NSDateExtension.swift in Sources */ = {isa = PBXBuildFile; fileRef = F207F27C1BEFB9C100143FD6 /* NSDateExtension.swift */; };
		F232F6211C18A43C00CB58CC /* SlideMenuViewController.swift in Sources */ = {isa = PBXBuildFile; fileRef = F232F6201C18A43C00CB58CC /* SlideMenuViewController.swift */; };
		F232F6231C18B4D600CB58CC /* MainMenuViewController.swift in Sources */ = {isa = PBXBuildFile; fileRef = F232F6221C18B4D600CB58CC /* MainMenuViewController.swift */; };
		F23BBC501C3D77AC00DB5E25 /* ManageEventsTableViewController.swift in Sources */ = {isa = PBXBuildFile; fileRef = F23BBC4F1C3D77AC00DB5E25 /* ManageEventsTableViewController.swift */; };
		F23BBC521C3D7C3100DB5E25 /* EventTableViewCell.swift in Sources */ = {isa = PBXBuildFile; fileRef = F23BBC511C3D7C3100DB5E25 /* EventTableViewCell.swift */; };
		F23F62571C6F608800E5ECB1 /* Cartfile in Resources */ = {isa = PBXBuildFile; fileRef = F23F62561C6F608800E5ECB1 /* Cartfile */; };
		F23F625D1C6F6E0700E5ECB1 /* MBSectionHeaderView.swift in Sources */ = {isa = PBXBuildFile; fileRef = F23F625C1C6F6E0700E5ECB1 /* MBSectionHeaderView.swift */; };
		F2415BAE1C50016A00E84B9D /* MBDatePickerView.swift in Sources */ = {isa = PBXBuildFile; fileRef = F2415BAD1C50016A00E84B9D /* MBDatePickerView.swift */; };
		F2435B771C456E5E00F25006 /* EditActivityTableViewController.swift in Sources */ = {isa = PBXBuildFile; fileRef = F2435B761C456E5E00F25006 /* EditActivityTableViewController.swift */; };
		F24470AA1C4A6F6300626D29 /* Commons.swift in Sources */ = {isa = PBXBuildFile; fileRef = F24470A91C4A6F6300626D29 /* Commons.swift */; };
		F24D7ADF1C342B8400B7157F /* UIViewExtension.swift in Sources */ = {isa = PBXBuildFile; fileRef = F24D7ADE1C342B8400B7157F /* UIViewExtension.swift */; };
		F24D7AE11C34372700B7157F /* Settings.swift in Sources */ = {isa = PBXBuildFile; fileRef = F24D7AE01C34372700B7157F /* Settings.swift */; };
		F24D7AE31C34438C00B7157F /* SettingsViewController.swift in Sources */ = {isa = PBXBuildFile; fileRef = F24D7AE21C34438C00B7157F /* SettingsViewController.swift */; };
		F258EF471BEF460700A6D7EB /* AppDelegate.swift in Sources */ = {isa = PBXBuildFile; fileRef = F258EF461BEF460700A6D7EB /* AppDelegate.swift */; };
		F258EF4C1BEF460700A6D7EB /* Main.storyboard in Resources */ = {isa = PBXBuildFile; fileRef = F258EF4A1BEF460700A6D7EB /* Main.storyboard */; };
		F258EF4F1BEF460700A6D7EB /* MonthlyBalance.xcdatamodeld in Sources */ = {isa = PBXBuildFile; fileRef = F258EF4D1BEF460700A6D7EB /* MonthlyBalance.xcdatamodeld */; };
		F258EF511BEF460700A6D7EB /* Assets.xcassets in Resources */ = {isa = PBXBuildFile; fileRef = F258EF501BEF460700A6D7EB /* Assets.xcassets */; };
		F258EF541BEF460700A6D7EB /* LaunchScreen.storyboard in Resources */ = {isa = PBXBuildFile; fileRef = F258EF521BEF460700A6D7EB /* LaunchScreen.storyboard */; };
		F258EF6A1BEF460700A6D7EB /* MonthlyBalanceUITests.swift in Sources */ = {isa = PBXBuildFile; fileRef = F258EF691BEF460700A6D7EB /* MonthlyBalanceUITests.swift */; };
		F258EF901BEF54D900A6D7EB /* Account+CoreDataProperties.swift in Sources */ = {isa = PBXBuildFile; fileRef = F258EF8A1BEF54D900A6D7EB /* Account+CoreDataProperties.swift */; };
		F258EF911BEF54D900A6D7EB /* Account.swift in Sources */ = {isa = PBXBuildFile; fileRef = F258EF8B1BEF54D900A6D7EB /* Account.swift */; };
		F258EF921BEF54D900A6D7EB /* Activity+CoreDataProperties.swift in Sources */ = {isa = PBXBuildFile; fileRef = F258EF8C1BEF54D900A6D7EB /* Activity+CoreDataProperties.swift */; };
		F258EF931BEF54D900A6D7EB /* Activity.swift in Sources */ = {isa = PBXBuildFile; fileRef = F258EF8D1BEF54D900A6D7EB /* Activity.swift */; };
		F258EF941BEF54D900A6D7EB /* ScheduledEvent+CoreDataProperties.swift in Sources */ = {isa = PBXBuildFile; fileRef = F258EF8E1BEF54D900A6D7EB /* ScheduledEvent+CoreDataProperties.swift */; };
		F258EF951BEF54D900A6D7EB /* ScheduledEvent.swift in Sources */ = {isa = PBXBuildFile; fileRef = F258EF8F1BEF54D900A6D7EB /* ScheduledEvent.swift */; };
		F258EF971BEF56AB00A6D7EB /* CoreDataManager.swift in Sources */ = {isa = PBXBuildFile; fileRef = F258EF961BEF56AB00A6D7EB /* CoreDataManager.swift */; };
		F258EF991BEF5E6000A6D7EB /* CoreDataManagerTests.swift in Sources */ = {isa = PBXBuildFile; fileRef = F258EF981BEF5E6000A6D7EB /* CoreDataManagerTests.swift */; };
		F25BB8041C73B02D00943B5C /* MBDateRow.swift in Sources */ = {isa = PBXBuildFile; fileRef = F25BB8031C73B02C00943B5C /* MBDateRow.swift */; };
		F25BB8061C73B07500943B5C /* MBDateCell.swift in Sources */ = {isa = PBXBuildFile; fileRef = F25BB8051C73B07500943B5C /* MBDateCell.swift */; };
		F26111AD1C41460B009378D5 /* EditEventTableViewController.swift in Sources */ = {isa = PBXBuildFile; fileRef = F26111AC1C41460B009378D5 /* EditEventTableViewController.swift */; };
		F26111B11C415C1F009378D5 /* MBTextField.swift in Sources */ = {isa = PBXBuildFile; fileRef = F26111B01C415C1F009378D5 /* MBTextField.swift */; };
		F2779DA81C0CCAA700ECDCC5 /* CreateAccountFormViewController.swift in Sources */ = {isa = PBXBuildFile; fileRef = F2779DA71C0CCAA700ECDCC5 /* CreateAccountFormViewController.swift */; };
		F2779DAA1C0CDCC400ECDCC5 /* UIViewControllerExtension.swift in Sources */ = {isa = PBXBuildFile; fileRef = F2779DA91C0CDCC400ECDCC5 /* UIViewControllerExtension.swift */; };
		F27880D51C41B2630055AD2F /* MBAmountLabel.swift in Sources */ = {isa = PBXBuildFile; fileRef = F27880D41C41B2630055AD2F /* MBAmountLabel.swift */; };
		F27B69781C010D7A00A3AED0 /* UIButtonExtension.swift in Sources */ = {isa = PBXBuildFile; fileRef = F27B69771C010D7A00A3AED0 /* UIButtonExtension.swift */; };
		F2A9EF481BF1175600930EA6 /* NSDateExtensionTests.swift in Sources */ = {isa = PBXBuildFile; fileRef = F2A9EF471BF1175600930EA6 /* NSDateExtensionTests.swift */; };
		F2AB67DF1C441A6600D8834E /* ManageActivitiesTableViewController.swift in Sources */ = {isa = PBXBuildFile; fileRef = F2AB67DE1C441A6600D8834E /* ManageActivitiesTableViewController.swift */; };
		F2ABADAD1C21DE860027EE38 /* CurrencyUtil.swift in Sources */ = {isa = PBXBuildFile; fileRef = F2ABADAC1C21DE860027EE38 /* CurrencyUtil.swift */; };
		F2AD89371C120CE700ABC1FB /* ManageAccountsTableViewController.swift in Sources */ = {isa = PBXBuildFile; fileRef = F2AD89361C120CE700ABC1FB /* ManageAccountsTableViewController.swift */; };
		F2AD89391C12210B00ABC1FB /* AccountTableViewCell.swift in Sources */ = {isa = PBXBuildFile; fileRef = F2AD89381C12210B00ABC1FB /* AccountTableViewCell.swift */; };
		F2D9390B1C822A67001FA122 /* EditEventFormViewController.swift in Sources */ = {isa = PBXBuildFile; fileRef = F2D9390A1C822A67001FA122 /* EditEventFormViewController.swift */; };
		F2E19AB71BF7915C00EEC70D /* UIColorExtension.swift in Sources */ = {isa = PBXBuildFile; fileRef = F2E19AB61BF7915C00EEC70D /* UIColorExtension.swift */; };
		F2E19AB91BF7925F00EEC70D /* StringExtension.swift in Sources */ = {isa = PBXBuildFile; fileRef = F2E19AB81BF7925F00EEC70D /* StringExtension.swift */; };
		F2E19ABB1BF794D100EEC70D /* Constants.swift in Sources */ = {isa = PBXBuildFile; fileRef = F2E19ABA1BF794D100EEC70D /* Constants.swift */; };
		F2F9C6281EA7D9AC0028875B /* Eureka.framework in Frameworks */ = {isa = PBXBuildFile; fileRef = F23F62591C6F617A00E5ECB1 /* Eureka.framework */; };
		F2F9C6291EA7D9AC0028875B /* SnapKit.framework in Frameworks */ = {isa = PBXBuildFile; fileRef = F23F625E1C6F72AF00E5ECB1 /* SnapKit.framework */; };
/* End PBXBuildFile section */

/* Begin PBXContainerItemProxy section */
		F258EF5B1BEF460700A6D7EB /* PBXContainerItemProxy */ = {
			isa = PBXContainerItemProxy;
			containerPortal = F258EF3B1BEF460700A6D7EB /* Project object */;
			proxyType = 1;
			remoteGlobalIDString = F258EF421BEF460700A6D7EB;
			remoteInfo = MonthlyBalance;
		};
		F258EF661BEF460700A6D7EB /* PBXContainerItemProxy */ = {
			isa = PBXContainerItemProxy;
			containerPortal = F258EF3B1BEF460700A6D7EB /* Project object */;
			proxyType = 1;
			remoteGlobalIDString = F258EF421BEF460700A6D7EB;
			remoteInfo = MonthlyBalance;
		};
/* End PBXContainerItemProxy section */

/* Begin PBXFileReference section */
		741945CD28BCC95A3445D196 /* ActivityTableViewCell.swift */ = {isa = PBXFileReference; fileEncoding = 4; lastKnownFileType = sourcecode.swift; path = ActivityTableViewCell.swift; sourceTree = "<group>"; };
		7419462E2C2AE4290F2D580D /* BalanceInfoViewController.swift */ = {isa = PBXFileReference; fileEncoding = 4; lastKnownFileType = sourcecode.swift; path = BalanceInfoViewController.swift; sourceTree = "<group>"; };
		741946F21E2835E93CE95383 /* HomeViewController.swift */ = {isa = PBXFileReference; fileEncoding = 4; lastKnownFileType = sourcecode.swift; path = HomeViewController.swift; sourceTree = "<group>"; };
		74194987C5C4AD2CBF53391B /* AmountPadView.swift */ = {isa = PBXFileReference; fileEncoding = 4; lastKnownFileType = sourcecode.swift; path = AmountPadView.swift; sourceTree = "<group>"; };
		741949C82D53D28E424C28AE /* EditActivityFormViewController.swift */ = {isa = PBXFileReference; fileEncoding = 4; lastKnownFileType = sourcecode.swift; path = EditActivityFormViewController.swift; sourceTree = "<group>"; };
		74194BCFED76D2AE97A02A67 /* FormUtil.swift */ = {isa = PBXFileReference; fileEncoding = 4; lastKnownFileType = sourcecode.swift; path = FormUtil.swift; sourceTree = "<group>"; };
		74194D0C98ED02DE2F1F37CC /* BalanceInfoView.swift */ = {isa = PBXFileReference; fileEncoding = 4; lastKnownFileType = sourcecode.swift; path = BalanceInfoView.swift; sourceTree = "<group>"; };
		74194E1BAC95BDFE33310BAD /* AmountPadViewController.swift */ = {isa = PBXFileReference; fileEncoding = 4; lastKnownFileType = sourcecode.swift; path = AmountPadViewController.swift; sourceTree = "<group>"; };
		F207F27C1BEFB9C100143FD6 /* NSDateExtension.swift */ = {isa = PBXFileReference; fileEncoding = 4; lastKnownFileType = sourcecode.swift; path = NSDateExtension.swift; sourceTree = "<group>"; };
		F232F6201C18A43C00CB58CC /* SlideMenuViewController.swift */ = {isa = PBXFileReference; fileEncoding = 4; lastKnownFileType = sourcecode.swift; path = SlideMenuViewController.swift; sourceTree = "<group>"; };
		F232F6221C18B4D600CB58CC /* MainMenuViewController.swift */ = {isa = PBXFileReference; fileEncoding = 4; lastKnownFileType = sourcecode.swift; path = MainMenuViewController.swift; sourceTree = "<group>"; };
		F23BBC4F1C3D77AC00DB5E25 /* ManageEventsTableViewController.swift */ = {isa = PBXFileReference; fileEncoding = 4; lastKnownFileType = sourcecode.swift; path = ManageEventsTableViewController.swift; sourceTree = "<group>"; };
		F23BBC511C3D7C3100DB5E25 /* EventTableViewCell.swift */ = {isa = PBXFileReference; fileEncoding = 4; lastKnownFileType = sourcecode.swift; path = EventTableViewCell.swift; sourceTree = "<group>"; };
		F23F62561C6F608800E5ECB1 /* Cartfile */ = {isa = PBXFileReference; fileEncoding = 4; lastKnownFileType = text; path = Cartfile; sourceTree = "<group>"; };
		F23F62591C6F617A00E5ECB1 /* Eureka.framework */ = {isa = PBXFileReference; lastKnownFileType = wrapper.framework; name = Eureka.framework; path = Carthage/Build/iOS/Eureka.framework; sourceTree = "<group>"; };
		F23F625C1C6F6E0700E5ECB1 /* MBSectionHeaderView.swift */ = {isa = PBXFileReference; fileEncoding = 4; lastKnownFileType = sourcecode.swift; path = MBSectionHeaderView.swift; sourceTree = "<group>"; };
		F23F625E1C6F72AF00E5ECB1 /* SnapKit.framework */ = {isa = PBXFileReference; lastKnownFileType = wrapper.framework; name = SnapKit.framework; path = Carthage/Build/iOS/SnapKit.framework; sourceTree = "<group>"; };
		F2415BAD1C50016A00E84B9D /* MBDatePickerView.swift */ = {isa = PBXFileReference; fileEncoding = 4; lastKnownFileType = sourcecode.swift; path = MBDatePickerView.swift; sourceTree = "<group>"; };
		F2435B761C456E5E00F25006 /* EditActivityTableViewController.swift */ = {isa = PBXFileReference; fileEncoding = 4; lastKnownFileType = sourcecode.swift; path = EditActivityTableViewController.swift; sourceTree = "<group>"; };
		F24470A91C4A6F6300626D29 /* Commons.swift */ = {isa = PBXFileReference; fileEncoding = 4; lastKnownFileType = sourcecode.swift; path = Commons.swift; sourceTree = "<group>"; };
		F24D7ADE1C342B8400B7157F /* UIViewExtension.swift */ = {isa = PBXFileReference; fileEncoding = 4; lastKnownFileType = sourcecode.swift; path = UIViewExtension.swift; sourceTree = "<group>"; };
		F24D7AE01C34372700B7157F /* Settings.swift */ = {isa = PBXFileReference; fileEncoding = 4; lastKnownFileType = sourcecode.swift; path = Settings.swift; sourceTree = "<group>"; };
		F24D7AE21C34438C00B7157F /* SettingsViewController.swift */ = {isa = PBXFileReference; fileEncoding = 4; lastKnownFileType = sourcecode.swift; path = SettingsViewController.swift; sourceTree = "<group>"; };
		F258EF431BEF460700A6D7EB /* MonthlyBalance.app */ = {isa = PBXFileReference; explicitFileType = wrapper.application; includeInIndex = 0; path = MonthlyBalance.app; sourceTree = BUILT_PRODUCTS_DIR; };
		F258EF461BEF460700A6D7EB /* AppDelegate.swift */ = {isa = PBXFileReference; lastKnownFileType = sourcecode.swift; path = AppDelegate.swift; sourceTree = "<group>"; };
		F258EF4B1BEF460700A6D7EB /* Base */ = {isa = PBXFileReference; lastKnownFileType = file.storyboard; name = Base; path = Base.lproj/Main.storyboard; sourceTree = "<group>"; };
		F258EF4E1BEF460700A6D7EB /* MonthlyBalance.xcdatamodel */ = {isa = PBXFileReference; lastKnownFileType = wrapper.xcdatamodel; path = MonthlyBalance.xcdatamodel; sourceTree = "<group>"; };
		F258EF501BEF460700A6D7EB /* Assets.xcassets */ = {isa = PBXFileReference; lastKnownFileType = folder.assetcatalog; path = Assets.xcassets; sourceTree = "<group>"; };
		F258EF531BEF460700A6D7EB /* Base */ = {isa = PBXFileReference; lastKnownFileType = file.storyboard; name = Base; path = Base.lproj/LaunchScreen.storyboard; sourceTree = "<group>"; };
		F258EF551BEF460700A6D7EB /* Info.plist */ = {isa = PBXFileReference; lastKnownFileType = text.plist.xml; path = Info.plist; sourceTree = "<group>"; };
		F258EF5A1BEF460700A6D7EB /* MonthlyBalanceTests.xctest */ = {isa = PBXFileReference; explicitFileType = wrapper.cfbundle; includeInIndex = 0; path = MonthlyBalanceTests.xctest; sourceTree = BUILT_PRODUCTS_DIR; };
		F258EF601BEF460700A6D7EB /* Info.plist */ = {isa = PBXFileReference; lastKnownFileType = text.plist.xml; path = Info.plist; sourceTree = "<group>"; };
		F258EF651BEF460700A6D7EB /* MonthlyBalanceUITests.xctest */ = {isa = PBXFileReference; explicitFileType = wrapper.cfbundle; includeInIndex = 0; path = MonthlyBalanceUITests.xctest; sourceTree = BUILT_PRODUCTS_DIR; };
		F258EF691BEF460700A6D7EB /* MonthlyBalanceUITests.swift */ = {isa = PBXFileReference; lastKnownFileType = sourcecode.swift; path = MonthlyBalanceUITests.swift; sourceTree = "<group>"; };
		F258EF6B1BEF460700A6D7EB /* Info.plist */ = {isa = PBXFileReference; lastKnownFileType = text.plist.xml; path = Info.plist; sourceTree = "<group>"; };
		F258EF8A1BEF54D900A6D7EB /* Account+CoreDataProperties.swift */ = {isa = PBXFileReference; fileEncoding = 4; lastKnownFileType = sourcecode.swift; name = "Account+CoreDataProperties.swift"; path = "MonthlyBalance/Account+CoreDataProperties.swift"; sourceTree = "<group>"; };
		F258EF8B1BEF54D900A6D7EB /* Account.swift */ = {isa = PBXFileReference; fileEncoding = 4; lastKnownFileType = sourcecode.swift; name = Account.swift; path = MonthlyBalance/Account.swift; sourceTree = "<group>"; };
		F258EF8C1BEF54D900A6D7EB /* Activity+CoreDataProperties.swift */ = {isa = PBXFileReference; fileEncoding = 4; lastKnownFileType = sourcecode.swift; name = "Activity+CoreDataProperties.swift"; path = "MonthlyBalance/Activity+CoreDataProperties.swift"; sourceTree = "<group>"; };
		F258EF8D1BEF54D900A6D7EB /* Activity.swift */ = {isa = PBXFileReference; fileEncoding = 4; lastKnownFileType = sourcecode.swift; name = Activity.swift; path = MonthlyBalance/Activity.swift; sourceTree = "<group>"; };
		F258EF8E1BEF54D900A6D7EB /* ScheduledEvent+CoreDataProperties.swift */ = {isa = PBXFileReference; fileEncoding = 4; lastKnownFileType = sourcecode.swift; name = "ScheduledEvent+CoreDataProperties.swift"; path = "MonthlyBalance/ScheduledEvent+CoreDataProperties.swift"; sourceTree = "<group>"; };
		F258EF8F1BEF54D900A6D7EB /* ScheduledEvent.swift */ = {isa = PBXFileReference; fileEncoding = 4; lastKnownFileType = sourcecode.swift; name = ScheduledEvent.swift; path = MonthlyBalance/ScheduledEvent.swift; sourceTree = "<group>"; };
		F258EF961BEF56AB00A6D7EB /* CoreDataManager.swift */ = {isa = PBXFileReference; fileEncoding = 4; lastKnownFileType = sourcecode.swift; path = CoreDataManager.swift; sourceTree = "<group>"; };
		F258EF981BEF5E6000A6D7EB /* CoreDataManagerTests.swift */ = {isa = PBXFileReference; fileEncoding = 4; lastKnownFileType = sourcecode.swift; path = CoreDataManagerTests.swift; sourceTree = "<group>"; };
		F258EF9A1BEF61D900A6D7EB /* MonthlyBalance-Bridging-Header.h */ = {isa = PBXFileReference; lastKnownFileType = sourcecode.c.h; name = "MonthlyBalance-Bridging-Header.h"; path = "MonthlyBalance/MonthlyBalance-Bridging-Header.h"; sourceTree = "<group>"; };
		F25BB8031C73B02C00943B5C /* MBDateRow.swift */ = {isa = PBXFileReference; fileEncoding = 4; lastKnownFileType = sourcecode.swift; path = MBDateRow.swift; sourceTree = "<group>"; };
		F25BB8051C73B07500943B5C /* MBDateCell.swift */ = {isa = PBXFileReference; fileEncoding = 4; lastKnownFileType = sourcecode.swift; path = MBDateCell.swift; sourceTree = "<group>"; };
		F26111AC1C41460B009378D5 /* EditEventTableViewController.swift */ = {isa = PBXFileReference; fileEncoding = 4; lastKnownFileType = sourcecode.swift; path = EditEventTableViewController.swift; sourceTree = "<group>"; };
		F26111B01C415C1F009378D5 /* MBTextField.swift */ = {isa = PBXFileReference; fileEncoding = 4; lastKnownFileType = sourcecode.swift; path = MBTextField.swift; sourceTree = "<group>"; };
		F2779DA71C0CCAA700ECDCC5 /* CreateAccountFormViewController.swift */ = {isa = PBXFileReference; fileEncoding = 4; lastKnownFileType = sourcecode.swift; path = CreateAccountFormViewController.swift; sourceTree = "<group>"; };
		F2779DA91C0CDCC400ECDCC5 /* UIViewControllerExtension.swift */ = {isa = PBXFileReference; fileEncoding = 4; lastKnownFileType = sourcecode.swift; path = UIViewControllerExtension.swift; sourceTree = "<group>"; };
		F27880D41C41B2630055AD2F /* MBAmountLabel.swift */ = {isa = PBXFileReference; fileEncoding = 4; lastKnownFileType = sourcecode.swift; path = MBAmountLabel.swift; sourceTree = "<group>"; };
		F27B69771C010D7A00A3AED0 /* UIButtonExtension.swift */ = {isa = PBXFileReference; fileEncoding = 4; lastKnownFileType = sourcecode.swift; path = UIButtonExtension.swift; sourceTree = "<group>"; };
		F2A9EF471BF1175600930EA6 /* NSDateExtensionTests.swift */ = {isa = PBXFileReference; fileEncoding = 4; lastKnownFileType = sourcecode.swift; path = NSDateExtensionTests.swift; sourceTree = "<group>"; };
		F2AB67DE1C441A6600D8834E /* ManageActivitiesTableViewController.swift */ = {isa = PBXFileReference; fileEncoding = 4; lastKnownFileType = sourcecode.swift; path = ManageActivitiesTableViewController.swift; sourceTree = "<group>"; };
		F2ABADAC1C21DE860027EE38 /* CurrencyUtil.swift */ = {isa = PBXFileReference; fileEncoding = 4; lastKnownFileType = sourcecode.swift; path = CurrencyUtil.swift; sourceTree = "<group>"; };
		F2AD89361C120CE700ABC1FB /* ManageAccountsTableViewController.swift */ = {isa = PBXFileReference; fileEncoding = 4; lastKnownFileType = sourcecode.swift; path = ManageAccountsTableViewController.swift; sourceTree = "<group>"; };
		F2AD89381C12210B00ABC1FB /* AccountTableViewCell.swift */ = {isa = PBXFileReference; fileEncoding = 4; lastKnownFileType = sourcecode.swift; path = AccountTableViewCell.swift; sourceTree = "<group>"; };
		F2D9390A1C822A67001FA122 /* EditEventFormViewController.swift */ = {isa = PBXFileReference; fileEncoding = 4; lastKnownFileType = sourcecode.swift; path = EditEventFormViewController.swift; sourceTree = "<group>"; };
		F2E19AB61BF7915C00EEC70D /* UIColorExtension.swift */ = {isa = PBXFileReference; fileEncoding = 4; lastKnownFileType = sourcecode.swift; path = UIColorExtension.swift; sourceTree = "<group>"; };
		F2E19AB81BF7925F00EEC70D /* StringExtension.swift */ = {isa = PBXFileReference; fileEncoding = 4; lastKnownFileType = sourcecode.swift; path = StringExtension.swift; sourceTree = "<group>"; };
		F2E19ABA1BF794D100EEC70D /* Constants.swift */ = {isa = PBXFileReference; fileEncoding = 4; lastKnownFileType = sourcecode.swift; path = Constants.swift; sourceTree = "<group>"; };
/* End PBXFileReference section */

/* Begin PBXFrameworksBuildPhase section */
		F258EF401BEF460700A6D7EB /* Frameworks */ = {
			isa = PBXFrameworksBuildPhase;
			buildActionMask = 2147483647;
			files = (
				F2F9C6281EA7D9AC0028875B /* Eureka.framework in Frameworks */,
				F2F9C6291EA7D9AC0028875B /* SnapKit.framework in Frameworks */,
			);
			runOnlyForDeploymentPostprocessing = 0;
		};
		F258EF571BEF460700A6D7EB /* Frameworks */ = {
			isa = PBXFrameworksBuildPhase;
			buildActionMask = 2147483647;
			files = (
			);
			runOnlyForDeploymentPostprocessing = 0;
		};
		F258EF621BEF460700A6D7EB /* Frameworks */ = {
			isa = PBXFrameworksBuildPhase;
			buildActionMask = 2147483647;
			files = (
			);
			runOnlyForDeploymentPostprocessing = 0;
		};
/* End PBXFrameworksBuildPhase section */

/* Begin PBXGroup section */
		74194F79B764629A53735119 /* UI */ = {
			isa = PBXGroup;
			children = (
				F222CE4C1C6900AF00927FA9 /* Custom Views */,
				F222CE4B1C69009300927FA9 /* BalanceInfo */,
				F222CE4A1C68FE8B00927FA9 /* Accounts */,
				F222CE491C68FC9100927FA9 /* Events */,
				F222CE481C68FA7D00927FA9 /* Activities */,
				F222CE471C68F47E00927FA9 /* AmountPad */,
				741946F21E2835E93CE95383 /* HomeViewController.swift */,
				F232F6201C18A43C00CB58CC /* SlideMenuViewController.swift */,
				F232F6221C18B4D600CB58CC /* MainMenuViewController.swift */,
				F24D7AE21C34438C00B7157F /* SettingsViewController.swift */,
			);
			path = UI;
			sourceTree = "<group>";
		};
		F207F27B1BEFB9AF00143FD6 /* Extensions */ = {
			isa = PBXGroup;
			children = (
				F207F27C1BEFB9C100143FD6 /* NSDateExtension.swift */,
				F2E19AB61BF7915C00EEC70D /* UIColorExtension.swift */,
				F2E19AB81BF7925F00EEC70D /* StringExtension.swift */,
				F27B69771C010D7A00A3AED0 /* UIButtonExtension.swift */,
				F2779DA91C0CDCC400ECDCC5 /* UIViewControllerExtension.swift */,
				F24D7ADE1C342B8400B7157F /* UIViewExtension.swift */,
			);
			name = Extensions;
			sourceTree = "<group>";
		};
		F222CE471C68F47E00927FA9 /* AmountPad */ = {
			isa = PBXGroup;
			children = (
				74194987C5C4AD2CBF53391B /* AmountPadView.swift */,
				74194E1BAC95BDFE33310BAD /* AmountPadViewController.swift */,
			);
			name = AmountPad;
			sourceTree = "<group>";
		};
		F222CE481C68FA7D00927FA9 /* Activities */ = {
			isa = PBXGroup;
			children = (
				741945CD28BCC95A3445D196 /* ActivityTableViewCell.swift */,
				F2AB67DE1C441A6600D8834E /* ManageActivitiesTableViewController.swift */,
				F2435B761C456E5E00F25006 /* EditActivityTableViewController.swift */,
				741949C82D53D28E424C28AE /* EditActivityFormViewController.swift */,
			);
			name = Activities;
			sourceTree = "<group>";
		};
		F222CE491C68FC9100927FA9 /* Events */ = {
			isa = PBXGroup;
			children = (
				F23BBC4F1C3D77AC00DB5E25 /* ManageEventsTableViewController.swift */,
				F23BBC511C3D7C3100DB5E25 /* EventTableViewCell.swift */,
				F26111AC1C41460B009378D5 /* EditEventTableViewController.swift */,
				F2D9390A1C822A67001FA122 /* EditEventFormViewController.swift */,
			);
			name = Events;
			sourceTree = "<group>";
		};
		F222CE4A1C68FE8B00927FA9 /* Accounts */ = {
			isa = PBXGroup;
			children = (
				F2779DA71C0CCAA700ECDCC5 /* CreateAccountFormViewController.swift */,
				F2AD89361C120CE700ABC1FB /* ManageAccountsTableViewController.swift */,
				F2AD89381C12210B00ABC1FB /* AccountTableViewCell.swift */,
			);
			name = Accounts;
			sourceTree = "<group>";
		};
		F222CE4B1C69009300927FA9 /* BalanceInfo */ = {
			isa = PBXGroup;
			children = (
				7419462E2C2AE4290F2D580D /* BalanceInfoViewController.swift */,
				74194D0C98ED02DE2F1F37CC /* BalanceInfoView.swift */,
			);
			name = BalanceInfo;
			sourceTree = "<group>";
		};
		F222CE4C1C6900AF00927FA9 /* Custom Views */ = {
			isa = PBXGroup;
			children = (
				F26111B01C415C1F009378D5 /* MBTextField.swift */,
				F27880D41C41B2630055AD2F /* MBAmountLabel.swift */,
				F2415BAD1C50016A00E84B9D /* MBDatePickerView.swift */,
				F23F625C1C6F6E0700E5ECB1 /* MBSectionHeaderView.swift */,
			);
			name = "Custom Views";
			sourceTree = "<group>";
		};
		F23F62551C6F600500E5ECB1 /* CoreData */ = {
			isa = PBXGroup;
			children = (
				F258EF9A1BEF61D900A6D7EB /* MonthlyBalance-Bridging-Header.h */,
				F258EF8A1BEF54D900A6D7EB /* Account+CoreDataProperties.swift */,
				F258EF8B1BEF54D900A6D7EB /* Account.swift */,
				F258EF8C1BEF54D900A6D7EB /* Activity+CoreDataProperties.swift */,
				F258EF8D1BEF54D900A6D7EB /* Activity.swift */,
				F258EF8E1BEF54D900A6D7EB /* ScheduledEvent+CoreDataProperties.swift */,
				F258EF8F1BEF54D900A6D7EB /* ScheduledEvent.swift */,
			);
			name = CoreData;
			sourceTree = "<group>";
		};
		F23F62581C6F614200E5ECB1 /* Frameworks */ = {
			isa = PBXGroup;
			children = (
				F23F625E1C6F72AF00E5ECB1 /* SnapKit.framework */,
				F23F62591C6F617A00E5ECB1 /* Eureka.framework */,
			);
			name = Frameworks;
			sourceTree = "<group>";
		};
		F258EF3A1BEF460700A6D7EB = {
			isa = PBXGroup;
			children = (
				F23F62561C6F608800E5ECB1 /* Cartfile */,
				F23F62551C6F600500E5ECB1 /* CoreData */,
				F258EF451BEF460700A6D7EB /* MonthlyBalance */,
				F258EF5D1BEF460700A6D7EB /* MonthlyBalanceTests */,
				F258EF681BEF460700A6D7EB /* MonthlyBalanceUITests */,
				F23F62581C6F614200E5ECB1 /* Frameworks */,
				F258EF441BEF460700A6D7EB /* Products */,
			);
			sourceTree = "<group>";
		};
		F258EF441BEF460700A6D7EB /* Products */ = {
			isa = PBXGroup;
			children = (
				F258EF431BEF460700A6D7EB /* MonthlyBalance.app */,
				F258EF5A1BEF460700A6D7EB /* MonthlyBalanceTests.xctest */,
				F258EF651BEF460700A6D7EB /* MonthlyBalanceUITests.xctest */,
			);
			name = Products;
			sourceTree = "<group>";
		};
		F258EF451BEF460700A6D7EB /* MonthlyBalance */ = {
			isa = PBXGroup;
			children = (
				F25BB8021C73B01300943B5C /* Eureka Components */,
				F2ABADAB1C21DE600027EE38 /* Utils */,
				74194F79B764629A53735119 /* UI */,
				F207F27B1BEFB9AF00143FD6 /* Extensions */,
				F2E19ABA1BF794D100EEC70D /* Constants.swift */,
				F24D7AE01C34372700B7157F /* Settings.swift */,
				F24470A91C4A6F6300626D29 /* Commons.swift */,
				F258EF961BEF56AB00A6D7EB /* CoreDataManager.swift */,
				F258EF461BEF460700A6D7EB /* AppDelegate.swift */,
				F258EF4A1BEF460700A6D7EB /* Main.storyboard */,
				F258EF501BEF460700A6D7EB /* Assets.xcassets */,
				F258EF521BEF460700A6D7EB /* LaunchScreen.storyboard */,
				F258EF551BEF460700A6D7EB /* Info.plist */,
				F258EF4D1BEF460700A6D7EB /* MonthlyBalance.xcdatamodeld */,
			);
			path = MonthlyBalance;
			sourceTree = "<group>";
		};
		F258EF5D1BEF460700A6D7EB /* MonthlyBalanceTests */ = {
			isa = PBXGroup;
			children = (
				F258EF601BEF460700A6D7EB /* Info.plist */,
				F258EF981BEF5E6000A6D7EB /* CoreDataManagerTests.swift */,
				F2A9EF471BF1175600930EA6 /* NSDateExtensionTests.swift */,
			);
			path = MonthlyBalanceTests;
			sourceTree = "<group>";
		};
		F258EF681BEF460700A6D7EB /* MonthlyBalanceUITests */ = {
			isa = PBXGroup;
			children = (
				F258EF691BEF460700A6D7EB /* MonthlyBalanceUITests.swift */,
				F258EF6B1BEF460700A6D7EB /* Info.plist */,
			);
			path = MonthlyBalanceUITests;
			sourceTree = "<group>";
		};
		F25BB8021C73B01300943B5C /* Eureka Components */ = {
			isa = PBXGroup;
			children = (
				F25BB8031C73B02C00943B5C /* MBDateRow.swift */,
				F25BB8051C73B07500943B5C /* MBDateCell.swift */,
			);
			name = "Eureka Components";
			sourceTree = "<group>";
		};
		F2ABADAB1C21DE600027EE38 /* Utils */ = {
			isa = PBXGroup;
			children = (
				F2ABADAC1C21DE860027EE38 /* CurrencyUtil.swift */,
				74194BCFED76D2AE97A02A67 /* FormUtil.swift */,
			);
			name = Utils;
			sourceTree = "<group>";
		};
/* End PBXGroup section */

/* Begin PBXNativeTarget section */
		F258EF421BEF460700A6D7EB /* MonthlyBalance */ = {
			isa = PBXNativeTarget;
			buildConfigurationList = F258EF6E1BEF460700A6D7EB /* Build configuration list for PBXNativeTarget "MonthlyBalance" */;
			buildPhases = (
				F258EF3F1BEF460700A6D7EB /* Sources */,
				F258EF401BEF460700A6D7EB /* Frameworks */,
				F258EF411BEF460700A6D7EB /* Resources */,
				F23F625B1C6F618B00E5ECB1 /* ShellScript */,
			);
			buildRules = (
			);
			dependencies = (
			);
			name = MonthlyBalance;
			productName = MonthlyBalance;
			productReference = F258EF431BEF460700A6D7EB /* MonthlyBalance.app */;
			productType = "com.apple.product-type.application";
		};
		F258EF591BEF460700A6D7EB /* MonthlyBalanceTests */ = {
			isa = PBXNativeTarget;
			buildConfigurationList = F258EF711BEF460700A6D7EB /* Build configuration list for PBXNativeTarget "MonthlyBalanceTests" */;
			buildPhases = (
				F258EF561BEF460700A6D7EB /* Sources */,
				F258EF571BEF460700A6D7EB /* Frameworks */,
				F258EF581BEF460700A6D7EB /* Resources */,
			);
			buildRules = (
			);
			dependencies = (
				F258EF5C1BEF460700A6D7EB /* PBXTargetDependency */,
			);
			name = MonthlyBalanceTests;
			productName = MonthlyBalanceTests;
			productReference = F258EF5A1BEF460700A6D7EB /* MonthlyBalanceTests.xctest */;
			productType = "com.apple.product-type.bundle.unit-test";
		};
		F258EF641BEF460700A6D7EB /* MonthlyBalanceUITests */ = {
			isa = PBXNativeTarget;
			buildConfigurationList = F258EF741BEF460700A6D7EB /* Build configuration list for PBXNativeTarget "MonthlyBalanceUITests" */;
			buildPhases = (
				F258EF611BEF460700A6D7EB /* Sources */,
				F258EF621BEF460700A6D7EB /* Frameworks */,
				F258EF631BEF460700A6D7EB /* Resources */,
			);
			buildRules = (
			);
			dependencies = (
				F258EF671BEF460700A6D7EB /* PBXTargetDependency */,
			);
			name = MonthlyBalanceUITests;
			productName = MonthlyBalanceUITests;
			productReference = F258EF651BEF460700A6D7EB /* MonthlyBalanceUITests.xctest */;
			productType = "com.apple.product-type.bundle.ui-testing";
		};
/* End PBXNativeTarget section */

/* Begin PBXProject section */
		F258EF3B1BEF460700A6D7EB /* Project object */ = {
			isa = PBXProject;
			attributes = {
				LastSwiftUpdateCheck = 0710;
				LastUpgradeCheck = 0830;
				ORGANIZATIONNAME = "Karrmarr Software";
				TargetAttributes = {
					F258EF421BEF460700A6D7EB = {
						CreatedOnToolsVersion = 7.1;
						DevelopmentTeam = YZB6HYGFR3;
						LastSwiftMigration = 0830;
					};
					F258EF591BEF460700A6D7EB = {
						CreatedOnToolsVersion = 7.1;
						LastSwiftMigration = 0830;
						TestTargetID = F258EF421BEF460700A6D7EB;
					};
					F258EF641BEF460700A6D7EB = {
						CreatedOnToolsVersion = 7.1;
						LastSwiftMigration = 0830;
						TestTargetID = F258EF421BEF460700A6D7EB;
					};
				};
			};
			buildConfigurationList = F258EF3E1BEF460700A6D7EB /* Build configuration list for PBXProject "MonthlyBalance" */;
			compatibilityVersion = "Xcode 3.2";
			developmentRegion = English;
			hasScannedForEncodings = 0;
			knownRegions = (
				en,
				Base,
			);
			mainGroup = F258EF3A1BEF460700A6D7EB;
			productRefGroup = F258EF441BEF460700A6D7EB /* Products */;
			projectDirPath = "";
			projectRoot = "";
			targets = (
				F258EF421BEF460700A6D7EB /* MonthlyBalance */,
				F258EF591BEF460700A6D7EB /* MonthlyBalanceTests */,
				F258EF641BEF460700A6D7EB /* MonthlyBalanceUITests */,
			);
		};
/* End PBXProject section */

/* Begin PBXResourcesBuildPhase section */
		F258EF411BEF460700A6D7EB /* Resources */ = {
			isa = PBXResourcesBuildPhase;
			buildActionMask = 2147483647;
			files = (
				F258EF541BEF460700A6D7EB /* LaunchScreen.storyboard in Resources */,
				F258EF511BEF460700A6D7EB /* Assets.xcassets in Resources */,
				F23F62571C6F608800E5ECB1 /* Cartfile in Resources */,
				F258EF4C1BEF460700A6D7EB /* Main.storyboard in Resources */,
			);
			runOnlyForDeploymentPostprocessing = 0;
		};
		F258EF581BEF460700A6D7EB /* Resources */ = {
			isa = PBXResourcesBuildPhase;
			buildActionMask = 2147483647;
			files = (
			);
			runOnlyForDeploymentPostprocessing = 0;
		};
		F258EF631BEF460700A6D7EB /* Resources */ = {
			isa = PBXResourcesBuildPhase;
			buildActionMask = 2147483647;
			files = (
			);
			runOnlyForDeploymentPostprocessing = 0;
		};
/* End PBXResourcesBuildPhase section */

/* Begin PBXShellScriptBuildPhase section */
		F23F625B1C6F618B00E5ECB1 /* ShellScript */ = {
			isa = PBXShellScriptBuildPhase;
			buildActionMask = 2147483647;
			files = (
			);
			inputPaths = (
				"$(SRCROOT)/Carthage/Build/iOS/Eureka.framework",
				"$(SRCROOT)/Carthage/Build/iOS/SnapKit.framework",
			);
			outputPaths = (
			);
			runOnlyForDeploymentPostprocessing = 0;
			shellPath = /bin/sh;
			shellScript = "/usr/local/bin/carthage copy-frameworks";
		};
/* End PBXShellScriptBuildPhase section */

/* Begin PBXSourcesBuildPhase section */
		F258EF3F1BEF460700A6D7EB /* Sources */ = {
			isa = PBXSourcesBuildPhase;
			buildActionMask = 2147483647;
			files = (
				F258EF941BEF54D900A6D7EB /* ScheduledEvent+CoreDataProperties.swift in Sources */,
				F27B69781C010D7A00A3AED0 /* UIButtonExtension.swift in Sources */,
				F258EF951BEF54D900A6D7EB /* ScheduledEvent.swift in Sources */,
				F2AD89391C12210B00ABC1FB /* AccountTableViewCell.swift in Sources */,
				F2AB67DF1C441A6600D8834E /* ManageActivitiesTableViewController.swift in Sources */,
				F258EF911BEF54D900A6D7EB /* Account.swift in Sources */,
				F258EF4F1BEF460700A6D7EB /* MonthlyBalance.xcdatamodeld in Sources */,
				F24D7AE31C34438C00B7157F /* SettingsViewController.swift in Sources */,
				F232F6231C18B4D600CB58CC /* MainMenuViewController.swift in Sources */,
				F258EF931BEF54D900A6D7EB /* Activity.swift in Sources */,
				F2E19ABB1BF794D100EEC70D /* Constants.swift in Sources */,
				F26111AD1C41460B009378D5 /* EditEventTableViewController.swift in Sources */,
				F258EF921BEF54D900A6D7EB /* Activity+CoreDataProperties.swift in Sources */,
				F2E19AB71BF7915C00EEC70D /* UIColorExtension.swift in Sources */,
				F2415BAE1C50016A00E84B9D /* MBDatePickerView.swift in Sources */,
				F2E19AB91BF7925F00EEC70D /* StringExtension.swift in Sources */,
				F258EF901BEF54D900A6D7EB /* Account+CoreDataProperties.swift in Sources */,
				F26111B11C415C1F009378D5 /* MBTextField.swift in Sources */,
				F207F27D1BEFB9C100143FD6 /* NSDateExtension.swift in Sources */,
				F27880D51C41B2630055AD2F /* MBAmountLabel.swift in Sources */,
				F2779DAA1C0CDCC400ECDCC5 /* UIViewControllerExtension.swift in Sources */,
				F23F625D1C6F6E0700E5ECB1 /* MBSectionHeaderView.swift in Sources */,
				F258EF971BEF56AB00A6D7EB /* CoreDataManager.swift in Sources */,
				F258EF471BEF460700A6D7EB /* AppDelegate.swift in Sources */,
				F23BBC501C3D77AC00DB5E25 /* ManageEventsTableViewController.swift in Sources */,
				741945E7EA10F0A5F3097818 /* ActivityTableViewCell.swift in Sources */,
				F232F6211C18A43C00CB58CC /* SlideMenuViewController.swift in Sources */,
				F2435B771C456E5E00F25006 /* EditActivityTableViewController.swift in Sources */,
				F25BB8061C73B07500943B5C /* MBDateCell.swift in Sources */,
				F2D9390B1C822A67001FA122 /* EditEventFormViewController.swift in Sources */,
				F24D7AE11C34372700B7157F /* Settings.swift in Sources */,
				F24470AA1C4A6F6300626D29 /* Commons.swift in Sources */,
				F2AD89371C120CE700ABC1FB /* ManageAccountsTableViewController.swift in Sources */,
				F2779DA81C0CCAA700ECDCC5 /* CreateAccountFormViewController.swift in Sources */,
				F2ABADAD1C21DE860027EE38 /* CurrencyUtil.swift in Sources */,
				741942BF77A9FCA042F50FA9 /* AmountPadView.swift in Sources */,
				F24D7ADF1C342B8400B7157F /* UIViewExtension.swift in Sources */,
				F23BBC521C3D7C3100DB5E25 /* EventTableViewCell.swift in Sources */,
				7419454C62391038DA5BEE70 /* AmountPadViewController.swift in Sources */,
				74194CC9C2FCB1B41895D270 /* BalanceInfoViewController.swift in Sources */,
				74194BD9D1AF0DD8AE408ED2 /* BalanceInfoView.swift in Sources */,
				74194BE4E5DFA5CC7982EFC5 /* HomeViewController.swift in Sources */,
				F25BB8041C73B02D00943B5C /* MBDateRow.swift in Sources */,
				74194445E6F9595CFA14DBE5 /* FormUtil.swift in Sources */,
				74194BBD9B9C928B79CB7113 /* EditActivityFormViewController.swift in Sources */,
			);
			runOnlyForDeploymentPostprocessing = 0;
		};
		F258EF561BEF460700A6D7EB /* Sources */ = {
			isa = PBXSourcesBuildPhase;
			buildActionMask = 2147483647;
			files = (
				F2A9EF481BF1175600930EA6 /* NSDateExtensionTests.swift in Sources */,
				F258EF991BEF5E6000A6D7EB /* CoreDataManagerTests.swift in Sources */,
			);
			runOnlyForDeploymentPostprocessing = 0;
		};
		F258EF611BEF460700A6D7EB /* Sources */ = {
			isa = PBXSourcesBuildPhase;
			buildActionMask = 2147483647;
			files = (
				F258EF6A1BEF460700A6D7EB /* MonthlyBalanceUITests.swift in Sources */,
			);
			runOnlyForDeploymentPostprocessing = 0;
		};
/* End PBXSourcesBuildPhase section */

/* Begin PBXTargetDependency section */
		F258EF5C1BEF460700A6D7EB /* PBXTargetDependency */ = {
			isa = PBXTargetDependency;
			target = F258EF421BEF460700A6D7EB /* MonthlyBalance */;
			targetProxy = F258EF5B1BEF460700A6D7EB /* PBXContainerItemProxy */;
		};
		F258EF671BEF460700A6D7EB /* PBXTargetDependency */ = {
			isa = PBXTargetDependency;
			target = F258EF421BEF460700A6D7EB /* MonthlyBalance */;
			targetProxy = F258EF661BEF460700A6D7EB /* PBXContainerItemProxy */;
		};
/* End PBXTargetDependency section */

/* Begin PBXVariantGroup section */
		F258EF4A1BEF460700A6D7EB /* Main.storyboard */ = {
			isa = PBXVariantGroup;
			children = (
				F258EF4B1BEF460700A6D7EB /* Base */,
			);
			name = Main.storyboard;
			sourceTree = "<group>";
		};
		F258EF521BEF460700A6D7EB /* LaunchScreen.storyboard */ = {
			isa = PBXVariantGroup;
			children = (
				F258EF531BEF460700A6D7EB /* Base */,
			);
			name = LaunchScreen.storyboard;
			sourceTree = "<group>";
		};
/* End PBXVariantGroup section */

/* Begin XCBuildConfiguration section */
		F258EF6C1BEF460700A6D7EB /* Debug */ = {
			isa = XCBuildConfiguration;
			buildSettings = {
				ALWAYS_SEARCH_USER_PATHS = NO;
				CLANG_CXX_LANGUAGE_STANDARD = "gnu++0x";
				CLANG_CXX_LIBRARY = "libc++";
				CLANG_ENABLE_MODULES = YES;
				CLANG_ENABLE_OBJC_ARC = YES;
				CLANG_WARN_BOOL_CONVERSION = YES;
				CLANG_WARN_CONSTANT_CONVERSION = YES;
				CLANG_WARN_DIRECT_OBJC_ISA_USAGE = YES_ERROR;
				CLANG_WARN_EMPTY_BODY = YES;
				CLANG_WARN_ENUM_CONVERSION = YES;
				CLANG_WARN_INFINITE_RECURSION = YES;
				CLANG_WARN_INT_CONVERSION = YES;
				CLANG_WARN_OBJC_ROOT_CLASS = YES_ERROR;
				CLANG_WARN_SUSPICIOUS_MOVE = YES;
				CLANG_WARN_UNREACHABLE_CODE = YES;
				CLANG_WARN__DUPLICATE_METHOD_MATCH = YES;
				"CODE_SIGN_IDENTITY[sdk=iphoneos*]" = "iPhone Developer";
				COPY_PHASE_STRIP = NO;
				DEBUG_INFORMATION_FORMAT = dwarf;
				ENABLE_STRICT_OBJC_MSGSEND = YES;
				ENABLE_TESTABILITY = YES;
				GCC_C_LANGUAGE_STANDARD = gnu99;
				GCC_DYNAMIC_NO_PIC = NO;
				GCC_NO_COMMON_BLOCKS = YES;
				GCC_OPTIMIZATION_LEVEL = 0;
				GCC_PREPROCESSOR_DEFINITIONS = (
					"DEBUG=1",
					"$(inherited)",
				);
				GCC_WARN_64_TO_32_BIT_CONVERSION = YES;
				GCC_WARN_ABOUT_RETURN_TYPE = YES_ERROR;
				GCC_WARN_UNDECLARED_SELECTOR = YES;
				GCC_WARN_UNINITIALIZED_AUTOS = YES_AGGRESSIVE;
				GCC_WARN_UNUSED_FUNCTION = YES;
				GCC_WARN_UNUSED_VARIABLE = YES;
				IPHONEOS_DEPLOYMENT_TARGET = 9.1;
				MTL_ENABLE_DEBUG_INFO = YES;
				ONLY_ACTIVE_ARCH = YES;
				SDKROOT = iphoneos;
				SWIFT_OPTIMIZATION_LEVEL = "-Onone";
			};
			name = Debug;
		};
		F258EF6D1BEF460700A6D7EB /* Release */ = {
			isa = XCBuildConfiguration;
			buildSettings = {
				ALWAYS_SEARCH_USER_PATHS = NO;
				CLANG_CXX_LANGUAGE_STANDARD = "gnu++0x";
				CLANG_CXX_LIBRARY = "libc++";
				CLANG_ENABLE_MODULES = YES;
				CLANG_ENABLE_OBJC_ARC = YES;
				CLANG_WARN_BOOL_CONVERSION = YES;
				CLANG_WARN_CONSTANT_CONVERSION = YES;
				CLANG_WARN_DIRECT_OBJC_ISA_USAGE = YES_ERROR;
				CLANG_WARN_EMPTY_BODY = YES;
				CLANG_WARN_ENUM_CONVERSION = YES;
				CLANG_WARN_INFINITE_RECURSION = YES;
				CLANG_WARN_INT_CONVERSION = YES;
				CLANG_WARN_OBJC_ROOT_CLASS = YES_ERROR;
				CLANG_WARN_SUSPICIOUS_MOVE = YES;
				CLANG_WARN_UNREACHABLE_CODE = YES;
				CLANG_WARN__DUPLICATE_METHOD_MATCH = YES;
				"CODE_SIGN_IDENTITY[sdk=iphoneos*]" = "iPhone Developer";
				COPY_PHASE_STRIP = NO;
				DEBUG_INFORMATION_FORMAT = "dwarf-with-dsym";
				ENABLE_NS_ASSERTIONS = NO;
				ENABLE_STRICT_OBJC_MSGSEND = YES;
				GCC_C_LANGUAGE_STANDARD = gnu99;
				GCC_NO_COMMON_BLOCKS = YES;
				GCC_WARN_64_TO_32_BIT_CONVERSION = YES;
				GCC_WARN_ABOUT_RETURN_TYPE = YES_ERROR;
				GCC_WARN_UNDECLARED_SELECTOR = YES;
				GCC_WARN_UNINITIALIZED_AUTOS = YES_AGGRESSIVE;
				GCC_WARN_UNUSED_FUNCTION = YES;
				GCC_WARN_UNUSED_VARIABLE = YES;
				IPHONEOS_DEPLOYMENT_TARGET = 9.1;
				MTL_ENABLE_DEBUG_INFO = NO;
				SDKROOT = iphoneos;
				SWIFT_OPTIMIZATION_LEVEL = "-Owholemodule";
				VALIDATE_PRODUCT = YES;
			};
			name = Release;
		};
		F258EF6F1BEF460700A6D7EB /* Debug */ = {
			isa = XCBuildConfiguration;
			buildSettings = {
				ASSETCATALOG_COMPILER_APPICON_NAME = AppIcon;
				CLANG_ENABLE_MODULES = YES;
				CODE_SIGN_IDENTITY = "iPhone Developer";
				"CODE_SIGN_IDENTITY[sdk=iphoneos*]" = "iPhone Developer";
				FRAMEWORK_SEARCH_PATHS = (
					"$(inherited)",
					"$(PROJECT_DIR)/Carthage/Build/iOS",
				);
				INFOPLIST_FILE = MonthlyBalance/Info.plist;
				LD_RUNPATH_SEARCH_PATHS = "$(inherited) @executable_path/Frameworks";
				PRODUCT_BUNDLE_IDENTIFIER = com.karrmarrsoftware.MonthlyBalance;
				PRODUCT_NAME = "$(TARGET_NAME)";
				PROVISIONING_PROFILE = "";
				SWIFT_OBJC_BRIDGING_HEADER = "MonthlyBalance/MonthlyBalance-Bridging-Header.h";
				SWIFT_OPTIMIZATION_LEVEL = "-Onone";
				SWIFT_VERSION = 3.0;
			};
			name = Debug;
		};
		F258EF701BEF460700A6D7EB /* Release */ = {
			isa = XCBuildConfiguration;
			buildSettings = {
				ASSETCATALOG_COMPILER_APPICON_NAME = AppIcon;
				CLANG_ENABLE_MODULES = YES;
				CODE_SIGN_IDENTITY = "iPhone Developer";
				"CODE_SIGN_IDENTITY[sdk=iphoneos*]" = "iPhone Developer";
				FRAMEWORK_SEARCH_PATHS = (
					"$(inherited)",
					"$(PROJECT_DIR)/Carthage/Build/iOS",
				);
				INFOPLIST_FILE = MonthlyBalance/Info.plist;
				LD_RUNPATH_SEARCH_PATHS = "$(inherited) @executable_path/Frameworks";
				PRODUCT_BUNDLE_IDENTIFIER = com.karrmarrsoftware.MonthlyBalance;
				PRODUCT_NAME = "$(TARGET_NAME)";
				PROVISIONING_PROFILE = "";
				SWIFT_OBJC_BRIDGING_HEADER = "MonthlyBalance/MonthlyBalance-Bridging-Header.h";
				SWIFT_VERSION = 3.0;
			};
			name = Release;
		};
		F258EF721BEF460700A6D7EB /* Debug */ = {
			isa = XCBuildConfiguration;
			buildSettings = {
				BUNDLE_LOADER = "$(TEST_HOST)";
				CLANG_ENABLE_MODULES = YES;
				INFOPLIST_FILE = MonthlyBalanceTests/Info.plist;
				LD_RUNPATH_SEARCH_PATHS = "$(inherited) @executable_path/Frameworks @loader_path/Frameworks";
				PRODUCT_BUNDLE_IDENTIFIER = com.karrmarrsoftware.MonthlyBalanceTests;
				PRODUCT_NAME = "$(TARGET_NAME)";
				SWIFT_OPTIMIZATION_LEVEL = "-Onone";
				SWIFT_VERSION = 3.0;
				TEST_HOST = "$(BUILT_PRODUCTS_DIR)/MonthlyBalance.app/MonthlyBalance";
			};
			name = Debug;
		};
		F258EF731BEF460700A6D7EB /* Release */ = {
			isa = XCBuildConfiguration;
			buildSettings = {
				BUNDLE_LOADER = "$(TEST_HOST)";
				CLANG_ENABLE_MODULES = YES;
				INFOPLIST_FILE = MonthlyBalanceTests/Info.plist;
				LD_RUNPATH_SEARCH_PATHS = "$(inherited) @executable_path/Frameworks @loader_path/Frameworks";
				PRODUCT_BUNDLE_IDENTIFIER = com.karrmarrsoftware.MonthlyBalanceTests;
				PRODUCT_NAME = "$(TARGET_NAME)";
				SWIFT_VERSION = 3.0;
				TEST_HOST = "$(BUILT_PRODUCTS_DIR)/MonthlyBalance.app/MonthlyBalance";
			};
			name = Release;
		};
		F258EF751BEF460700A6D7EB /* Debug */ = {
			isa = XCBuildConfiguration;
			buildSettings = {
				INFOPLIST_FILE = MonthlyBalanceUITests/Info.plist;
				LD_RUNPATH_SEARCH_PATHS = "$(inherited) @executable_path/Frameworks @loader_path/Frameworks";
				PRODUCT_BUNDLE_IDENTIFIER = com.karrmarrsoftware.MonthlyBalanceUITests;
				PRODUCT_NAME = "$(TARGET_NAME)";
				SWIFT_VERSION = 3.0;
				TEST_TARGET_NAME = MonthlyBalance;
				USES_XCTRUNNER = YES;
			};
			name = Debug;
		};
		F258EF761BEF460700A6D7EB /* Release */ = {
			isa = XCBuildConfiguration;
			buildSettings = {
				INFOPLIST_FILE = MonthlyBalanceUITests/Info.plist;
				LD_RUNPATH_SEARCH_PATHS = "$(inherited) @executable_path/Frameworks @loader_path/Frameworks";
				PRODUCT_BUNDLE_IDENTIFIER = com.karrmarrsoftware.MonthlyBalanceUITests;
				PRODUCT_NAME = "$(TARGET_NAME)";
				SWIFT_VERSION = 3.0;
				TEST_TARGET_NAME = MonthlyBalance;
				USES_XCTRUNNER = YES;
			};
			name = Release;
		};
/* End XCBuildConfiguration section */

/* Begin XCConfigurationList section */
		F258EF3E1BEF460700A6D7EB /* Build configuration list for PBXProject "MonthlyBalance" */ = {
			isa = XCConfigurationList;
			buildConfigurations = (
				F258EF6C1BEF460700A6D7EB /* Debug */,
				F258EF6D1BEF460700A6D7EB /* Release */,
			);
			defaultConfigurationIsVisible = 0;
			defaultConfigurationName = Release;
		};
		F258EF6E1BEF460700A6D7EB /* Build configuration list for PBXNativeTarget "MonthlyBalance" */ = {
			isa = XCConfigurationList;
			buildConfigurations = (
				F258EF6F1BEF460700A6D7EB /* Debug */,
				F258EF701BEF460700A6D7EB /* Release */,
			);
			defaultConfigurationIsVisible = 0;
			defaultConfigurationName = Release;
		};
		F258EF711BEF460700A6D7EB /* Build configuration list for PBXNativeTarget "MonthlyBalanceTests" */ = {
			isa = XCConfigurationList;
			buildConfigurations = (
				F258EF721BEF460700A6D7EB /* Debug */,
				F258EF731BEF460700A6D7EB /* Release */,
			);
			defaultConfigurationIsVisible = 0;
			defaultConfigurationName = Release;
		};
		F258EF741BEF460700A6D7EB /* Build configuration list for PBXNativeTarget "MonthlyBalanceUITests" */ = {
			isa = XCConfigurationList;
			buildConfigurations = (
				F258EF751BEF460700A6D7EB /* Debug */,
				F258EF761BEF460700A6D7EB /* Release */,
			);
			defaultConfigurationIsVisible = 0;
			defaultConfigurationName = Release;
		};
/* End XCConfigurationList section */

/* Begin XCVersionGroup section */
		F258EF4D1BEF460700A6D7EB /* MonthlyBalance.xcdatamodeld */ = {
			isa = XCVersionGroup;
			children = (
				F258EF4E1BEF460700A6D7EB /* MonthlyBalance.xcdatamodel */,
			);
			currentVersion = F258EF4E1BEF460700A6D7EB /* MonthlyBalance.xcdatamodel */;
			path = MonthlyBalance.xcdatamodeld;
			sourceTree = "<group>";
			versionGroupType = wrapper.xcdatamodel;
		};
/* End XCVersionGroup section */
	};
	rootObject = F258EF3B1BEF460700A6D7EB /* Project object */;
}
